{
  "version": 4,
  "terraform_version": "1.0.11",
  "serial": 28,
  "lineage": "49ffbdd3-d85b-bb84-7a85-3e19462be400",
  "outputs": {
    "gitrepo": {
      "value": "https://github.com/nitishkumaram/terraformrepo",
      "type": "string"
    }
  },
  "resources": [
    {
      "mode": "managed",
      "type": "github_repository",
      "name": "gitrepo",
      "provider": "provider[\"registry.terraform.io/hashicorp/github\"]",
      "instances": [
        {
          "schema_version": 0,
          "attributes": {
            "allow_auto_merge": false,
            "allow_merge_commit": true,
            "allow_rebase_merge": true,
            "allow_squash_merge": true,
            "archive_on_destroy": null,
            "archived": false,
            "auto_init": true,
            "branches": [
              {
                "name": "main",
                "protected": false
              }
            ],
            "default_branch": "main",
            "delete_branch_on_merge": false,
            "description": "Github repo created through Terraform",
            "etag": "W/\"5e19ea90c6cf310ccddaab10721d2e16d08e2b9a79bc30ff4f632151925a9afc\"",
            "full_name": "nitishkumaram/terraformrepo",
            "git_clone_url": "git://github.com/nitishkumaram/terraformrepo.git",
            "gitignore_template": null,
            "has_downloads": false,
            "has_issues": false,
            "has_projects": false,
            "has_wiki": false,
            "homepage_url": "",
            "html_url": "https://github.com/nitishkumaram/terraformrepo",
            "http_clone_url": "https://github.com/nitishkumaram/terraformrepo.git",
            "id": "terraformrepo",
            "ignore_vulnerability_alerts_during_read": null,
            "is_template": false,
            "license_template": null,
            "name": "terraformrepo",
            "node_id": "R_kgDOHWTyRQ",
            "pages": [],
            "private": false,
            "repo_id": 493154885,
            "ssh_clone_url": "git@github.com:nitishkumaram/terraformrepo.git",
            "svn_url": "https://github.com/nitishkumaram/terraformrepo",
            "template": [],
            "topics": [],
            "visibility": "public",
            "vulnerability_alerts": false
          },
          "sensitive_attributes": [],
          "private": "bnVsbA=="
        }
      ]
    }
  ]
}
